
Microsoft Visual Studio Solution File, Format Version 12.00
Project("{FAE04EC0-301F-11D3-BF4B-00C04F79EFBC}") = "IsUakr.DataGenerator", "IsUakr.DataGenerator\IsUakr.DataGenerator.csproj", "{5319693A-F4FF-4915-BF79-A0B67C1CAEDC}"
EndProject
Global
	GlobalSection(SolutionConfigurationPlatforms) = preSolution
		Debug|Any CPU = Debug|Any CPU
		Release|Any CPU = Release|Any CPU
	EndGlobalSection
	GlobalSection(ProjectConfigurationPlatforms) = postSolution
		{5319693A-F4FF-4915-BF79-A0B67C1CAEDC}.Debug|Any CPU.ActiveCfg = Debug|Any CPU
		{5319693A-F4FF-4915-BF79-A0B67C1CAEDC}.Debug|Any CPU.Build.0 = Debug|Any CPU
		{5319693A-F4FF-4915-BF79-A0B67C1CAEDC}.Release|Any CPU.ActiveCfg = Release|Any CPU
		{5319693A-F4FF-4915-BF79-A0B67C1CAEDC}.Release|Any CPU.Build.0 = Release|Any CPU
	EndGlobalSection
EndGlobal
