
Microsoft Visual Studio Solution File, Format Version 12.00
# Visual Studio Version 16
VisualStudioVersion = 16.0.29324.140
MinimumVisualStudioVersion = 10.0.40219.1
Project("{9A19103F-16F7-4668-BE54-9A1E7A4F7556}") = "IsUakr.DataGenerator", "IsUakr.DataGenerator\IsUakr.DataGenerator.csproj", "{5319693A-F4FF-4915-BF79-A0B67C1CAEDC}"
EndProject
Project("{FAE04EC0-301F-11D3-BF4B-00C04F79EFBC}") = "IsUakr.DAL", "IsUark.DAL\IsUakr.DAL.csproj", "{F72096A1-A6FF-4090-9161-B2974C2D7981}"
EndProject
Global
	GlobalSection(SolutionConfigurationPlatforms) = preSolution
		Debug|Any CPU = Debug|Any CPU
		Release|Any CPU = Release|Any CPU
	EndGlobalSection
	GlobalSection(ProjectConfigurationPlatforms) = postSolution
		{5319693A-F4FF-4915-BF79-A0B67C1CAEDC}.Debug|Any CPU.ActiveCfg = Debug|Any CPU
		{5319693A-F4FF-4915-BF79-A0B67C1CAEDC}.Debug|Any CPU.Build.0 = Debug|Any CPU
		{5319693A-F4FF-4915-BF79-A0B67C1CAEDC}.Release|Any CPU.ActiveCfg = Release|Any CPU
		{5319693A-F4FF-4915-BF79-A0B67C1CAEDC}.Release|Any CPU.Build.0 = Release|Any CPU
		{F72096A1-A6FF-4090-9161-B2974C2D7981}.Debug|Any CPU.ActiveCfg = Debug|Any CPU
		{F72096A1-A6FF-4090-9161-B2974C2D7981}.Debug|Any CPU.Build.0 = Debug|Any CPU
		{F72096A1-A6FF-4090-9161-B2974C2D7981}.Release|Any CPU.ActiveCfg = Release|Any CPU
		{F72096A1-A6FF-4090-9161-B2974C2D7981}.Release|Any CPU.Build.0 = Release|Any CPU
	EndGlobalSection
	GlobalSection(SolutionProperties) = preSolution
		HideSolutionNode = FALSE
	EndGlobalSection
	GlobalSection(ExtensibilityGlobals) = postSolution
		SolutionGuid = {228D0BA7-4A0C-4FC5-9C1A-D5A879261C03}
	EndGlobalSection
EndGlobal
